
Microsoft Visual Studio Solution File, Format Version 12.00
# Visual Studio Version 16
VisualStudioVersion = 16.0.30907.101
MinimumVisualStudioVersion = 10.0.40219.1
Project("{FAE04EC0-301F-11D3-BF4B-00C04F79EFBC}") = "RoutingBikes", "RoutingBikes\RoutingBikes.csproj", "{5D85BA60-2EEB-4A1F-B960-611D5F49C4B0}"
EndProject
Project("{FAE04EC0-301F-11D3-BF4B-00C04F79EFBC}") = "HostRoutingBikes", "HostRoutingBikes\HostRoutingBikes.csproj", "{E79CF335-1792-40D3-8E63-E82D459E5BC7}"
EndProject
Global
	GlobalSection(SolutionConfigurationPlatforms) = preSolution
		Debug|Any CPU = Debug|Any CPU
		Release|Any CPU = Release|Any CPU
	EndGlobalSection
	GlobalSection(ProjectConfigurationPlatforms) = postSolution
		{5D85BA60-2EEB-4A1F-B960-611D5F49C4B0}.Debug|Any CPU.ActiveCfg = Debug|Any CPU
		{5D85BA60-2EEB-4A1F-B960-611D5F49C4B0}.Debug|Any CPU.Build.0 = Debug|Any CPU
		{5D85BA60-2EEB-4A1F-B960-611D5F49C4B0}.Release|Any CPU.ActiveCfg = Release|Any CPU
		{5D85BA60-2EEB-4A1F-B960-611D5F49C4B0}.Release|Any CPU.Build.0 = Release|Any CPU
		{E79CF335-1792-40D3-8E63-E82D459E5BC7}.Debug|Any CPU.ActiveCfg = Debug|Any CPU
		{E79CF335-1792-40D3-8E63-E82D459E5BC7}.Debug|Any CPU.Build.0 = Debug|Any CPU
		{E79CF335-1792-40D3-8E63-E82D459E5BC7}.Release|Any CPU.ActiveCfg = Release|Any CPU
		{E79CF335-1792-40D3-8E63-E82D459E5BC7}.Release|Any CPU.Build.0 = Release|Any CPU
	EndGlobalSection
	GlobalSection(SolutionProperties) = preSolution
		HideSolutionNode = FALSE
	EndGlobalSection
	GlobalSection(ExtensibilityGlobals) = postSolution
		SolutionGuid = {167CECEF-8B0E-4D68-859E-419A6F97639D}
	EndGlobalSection
EndGlobal
